
Microsoft Visual Studio Solution File, Format Version 12.00
# Visual Studio Version 16
VisualStudioVersion = 25.0.1703.8
MinimumVisualStudioVersion = 10.0.40219.1
Project("{FAE04EC0-301F-11D3-BF4B-00C04F79EFBC}") = "APITicTacToe", "APITicTacToe.csproj", "{1E02AF7F-A803-4490-BAEB-337F2AC73F49}"
EndProject
Global
	GlobalSection(SolutionConfigurationPlatforms) = preSolution
		Debug|Any CPU = Debug|Any CPU
		Release|Any CPU = Release|Any CPU
	EndGlobalSection
	GlobalSection(ProjectConfigurationPlatforms) = postSolution
		{1E02AF7F-A803-4490-BAEB-337F2AC73F49}.Debug|Any CPU.ActiveCfg = Debug|Any CPU
		{1E02AF7F-A803-4490-BAEB-337F2AC73F49}.Debug|Any CPU.Build.0 = Debug|Any CPU
		{1E02AF7F-A803-4490-BAEB-337F2AC73F49}.Release|Any CPU.ActiveCfg = Release|Any CPU
		{1E02AF7F-A803-4490-BAEB-337F2AC73F49}.Release|Any CPU.Build.0 = Release|Any CPU
	EndGlobalSection
	GlobalSection(SolutionProperties) = preSolution
		HideSolutionNode = FALSE
	EndGlobalSection
	GlobalSection(ExtensibilityGlobals) = postSolution
		SolutionGuid = {A514CD61-13D1-47B9-BF39-4E321C94F408}
	EndGlobalSection
EndGlobal
